PODS:
  - AFNetworking (3.2.1):
    - AFNetworking/NSURLSession (= 3.2.1)
    - AFNetworking/Reachability (= 3.2.1)
    - AFNetworking/Security (= 3.2.1)
    - AFNetworking/Serialization (= 3.2.1)
    - AFNetworking/UIKit (= 3.2.1)
  - AFNetworking/NSURLSession (3.2.1):
    - AFNetworking/Reachability
    - AFNetworking/Security
    - AFNetworking/Serialization
  - AFNetworking/Reachability (3.2.1)
  - AFNetworking/Security (3.2.1)
  - AFNetworking/Serialization (3.2.1)
  - AFNetworking/UIKit (3.2.1):
    - AFNetworking/NSURLSession
  - BlocksKit (2.2.5):
    - BlocksKit/All (= 2.2.5)
  - BlocksKit/All (2.2.5):
    - BlocksKit/Core
    - BlocksKit/DynamicDelegate
    - BlocksKit/MessageUI
    - BlocksKit/UIKit
  - BlocksKit/Core (2.2.5)
  - BlocksKit/DynamicDelegate (2.2.5)
  - BlocksKit/MessageUI (2.2.5):
    - BlocksKit/Core
    - BlocksKit/DynamicDelegate
  - BlocksKit/UIKit (2.2.5):
    - BlocksKit/Core
    - BlocksKit/DynamicDelegate
  - HappyDNS (0.3.14)
  - Hyphenate (3.5.1)
  - JCore (1.2.5)
  - JPush (3.1.1.1):
    - JCore (~> 1.2.5)
  - LTScrollView (0.2.0)
  - Masonry (1.1.0)
  - MJExtension (3.0.15.1)
  - MJRefresh (3.1.15.7)
  - Qiniu (7.2.5):
    - HappyDNS (~> 0.3)
  - SDCycleScrollView (1.75):
    - SDWebImage (>= 4.0.0)
  - SDWebImage (4.4.2):
    - SDWebImage/Core (= 4.4.2)
  - SDWebImage/Core (4.4.2)
  - WebViewJavascriptBridge (6.0.3)
  - YYKit (1.0.9):
    - YYKit/no-arc (= 1.0.9)
  - YYKit/no-arc (1.0.9)

DEPENDENCIES:
  - AFNetworking
  - BlocksKit (~> 2.2.5)
  - Hyphenate
  - JPush
  - LTScrollView
  - Masonry
  - MJExtension (~> 3.0.15.1)
  - MJRefresh
  - Qiniu
  - SDCycleScrollView
  - SDWebImage
  - WebViewJavascriptBridge
  - YYKit (~> 1.0.9)

SPEC REPOS:
  https://github.com/cocoapods/specs.git:
    - AFNetworking
    - BlocksKit
    - HappyDNS
    - Hyphenate
    - JCore
    - JPush
    - LTScrollView
    - Masonry
    - MJExtension
    - MJRefresh
    - Qiniu
    - SDCycleScrollView
    - SDWebImage
    - WebViewJavascriptBridge
    - YYKit

SPEC CHECKSUMS:
  AFNetworking: b6f891fdfaed196b46c7a83cf209e09697b94057
  BlocksKit: 7f422b971407001178d181a43b99014ea2591fe6
  HappyDNS: dc6a164ee81979093123c241c6353bcf0218add6
  Hyphenate: 02e3934f1bef0c25e6e5f46bd0940df740922957
  JCore: 14706de2640b25fb77dbd02332696491407f37c9
  JPush: 25dd9013fbe106082c14f9f30a82364ee98852fb
  LTScrollView: 1a18ae14884eb99c27f0222203aedaccd21b72fc
  Masonry: 678fab65091a9290e40e2832a55e7ab731aad201
  MJExtension: 19bc33ce2eee2d319760f5622562cf581a6ff756
  MJRefresh: 697f8ec75ebdbe9207767bb682cf0f51b0d8a41f
  Qiniu: 909b408ee489ea54827e9717be90b94bc9dfbc48
  SDCycleScrollView: 884b88f0266dd4708a0e1934975c69cb971707b1
  SDWebImage: 624d6e296c69b244bcede364c72ae0430ac14681
  WebViewJavascriptBridge: 7f5bc4d3581e672e8f32bd0f812d54bc69bb8e29
  YYKit: 7cda43304a8dc3696c449041e2cb3107b4e236e7

PODFILE CHECKSUM: 1888fcbe2b673c466b9e748efeb7ea7d3a7bcd08

COCOAPODS: 1.5.3
